// !$*UTF8*$!
{
	archiveVersion = 1;
	classes = {
	};
	objectVersion = 46;
	objects = {

/* Begin PBXBuildFile section */
		04BB59051B733459002F78A1 /* AppDelegate.swift in Sources */ = {isa = PBXBuildFile; fileRef = 04BB59041B733459002F78A1 /* AppDelegate.swift */; };
		04BB59071B733459002F78A1 /* GameScene.sks in Resources */ = {isa = PBXBuildFile; fileRef = 04BB59061B733459002F78A1 /* GameScene.sks */; };
		04BB59091B733459002F78A1 /* GameScene.swift in Sources */ = {isa = PBXBuildFile; fileRef = 04BB59081B733459002F78A1 /* GameScene.swift */; };
		04BB590B1B733459002F78A1 /* GameViewController.swift in Sources */ = {isa = PBXBuildFile; fileRef = 04BB590A1B733459002F78A1 /* GameViewController.swift */; };
		04BB590E1B733459002F78A1 /* Main.storyboard in Resources */ = {isa = PBXBuildFile; fileRef = 04BB590C1B733459002F78A1 /* Main.storyboard */; };
		04BB59101B733459002F78A1 /* Assets.xcassets in Resources */ = {isa = PBXBuildFile; fileRef = 04BB590F1B733459002F78A1 /* Assets.xcassets */; };
		04BB59131B733459002F78A1 /* LaunchScreen.storyboard in Resources */ = {isa = PBXBuildFile; fileRef = 04BB59111B733459002F78A1 /* LaunchScreen.storyboard */; };
		04BB591E1B733459002F78A1 /* BreakoutTests.swift in Sources */ = {isa = PBXBuildFile; fileRef = 04BB591D1B733459002F78A1 /* BreakoutTests.swift */; };
		04BB59291B733459002F78A1 /* BreakoutUITests.swift in Sources */ = {isa = PBXBuildFile; fileRef = 04BB59281B733459002F78A1 /* BreakoutUITests.swift */; };
/* End PBXBuildFile section */

/* Begin PBXContainerItemProxy section */
		04BB591A1B733459002F78A1 /* PBXContainerItemProxy */ = {
			isa = PBXContainerItemProxy;
			containerPortal = 04BB58F91B733458002F78A1 /* Project object */;
			proxyType = 1;
			remoteGlobalIDString = 04BB59001B733458002F78A1;
			remoteInfo = Breakout;
		};
		04BB59251B733459002F78A1 /* PBXContainerItemProxy */ = {
			isa = PBXContainerItemProxy;
			containerPortal = 04BB58F91B733458002F78A1 /* Project object */;
			proxyType = 1;
			remoteGlobalIDString = 04BB59001B733458002F78A1;
			remoteInfo = Breakout;
		};
/* End PBXContainerItemProxy section */

/* Begin PBXFileReference section */
		04BB59011B733458002F78A1 /* Breakout.app */ = {isa = PBXFileReference; explicitFileType = wrapper.application; includeInIndex = 0; path = Breakout.app; sourceTree = BUILT_PRODUCTS_DIR; };
		04BB59041B733459002F78A1 /* AppDelegate.swift */ = {isa = PBXFileReference; lastKnownFileType = sourcecode.swift; path = AppDelegate.swift; sourceTree = "<group>"; };
		04BB59061B733459002F78A1 /* GameScene.sks */ = {isa = PBXFileReference; lastKnownFileType = file.sks; path = GameScene.sks; sourceTree = "<group>"; };
		04BB59081B733459002F78A1 /* GameScene.swift */ = {isa = PBXFileReference; lastKnownFileType = sourcecode.swift; path = GameScene.swift; sourceTree = "<group>"; };
		04BB590A1B733459002F78A1 /* GameViewController.swift */ = {isa = PBXFileReference; lastKnownFileType = sourcecode.swift; path = GameViewController.swift; sourceTree = "<group>"; };
		04BB590D1B733459002F78A1 /* Base */ = {isa = PBXFileReference; lastKnownFileType = file.storyboard; name = Base; path = Base.lproj/Main.storyboard; sourceTree = "<group>"; };
		04BB590F1B733459002F78A1 /* Assets.xcassets */ = {isa = PBXFileReference; lastKnownFileType = folder.assetcatalog; path = Assets.xcassets; sourceTree = "<group>"; };
		04BB59121B733459002F78A1 /* Base */ = {isa = PBXFileReference; lastKnownFileType = file.storyboard; name = Base; path = Base.lproj/LaunchScreen.storyboard; sourceTree = "<group>"; };
		04BB59141B733459002F78A1 /* Info.plist */ = {isa = PBXFileReference; lastKnownFileType = text.plist.xml; path = Info.plist; sourceTree = "<group>"; };
		04BB59191B733459002F78A1 /* BreakoutTests.xctest */ = {isa = PBXFileReference; explicitFileType = wrapper.cfbundle; includeInIndex = 0; path = BreakoutTests.xctest; sourceTree = BUILT_PRODUCTS_DIR; };
		04BB591D1B733459002F78A1 /* BreakoutTests.swift */ = {isa = PBXFileReference; lastKnownFileType = sourcecode.swift; path = BreakoutTests.swift; sourceTree = "<group>"; };
		04BB591F1B733459002F78A1 /* Info.plist */ = {isa = PBXFileReference; lastKnownFileType = text.plist.xml; path = Info.plist; sourceTree = "<group>"; };
		04BB59241B733459002F78A1 /* BreakoutUITests.xctest */ = {isa = PBXFileReference; explicitFileType = wrapper.cfbundle; includeInIndex = 0; path = BreakoutUITests.xctest; sourceTree = BUILT_PRODUCTS_DIR; };
		04BB59281B733459002F78A1 /* BreakoutUITests.swift */ = {isa = PBXFileReference; lastKnownFileType = sourcecode.swift; path = BreakoutUITests.swift; sourceTree = "<group>"; };
		04BB592A1B733459002F78A1 /* Info.plist */ = {isa = PBXFileReference; lastKnownFileType = text.plist.xml; path = Info.plist; sourceTree = "<group>"; };
/* End PBXFileReference section */

/* Begin PBXFrameworksBuildPhase section */
		04BB58FE1B733458002F78A1 /* Frameworks */ = {
			isa = PBXFrameworksBuildPhase;
			buildActionMask = 2147483647;
			files = (
			);
			runOnlyForDeploymentPostprocessing = 0;
		};
		04BB59161B733459002F78A1 /* Frameworks */ = {
			isa = PBXFrameworksBuildPhase;
			buildActionMask = 2147483647;
			files = (
			);
			runOnlyForDeploymentPostprocessing = 0;
		};
		04BB59211B733459002F78A1 /* Frameworks */ = {
			isa = PBXFrameworksBuildPhase;
			buildActionMask = 2147483647;
			files = (
			);
			runOnlyForDeploymentPostprocessing = 0;
		};
/* End PBXFrameworksBuildPhase section */

/* Begin PBXGroup section */
		04BB58F81B733458002F78A1 = {
			isa = PBXGroup;
			children = (
				04BB59031B733458002F78A1 /* Breakout */,
				04BB591C1B733459002F78A1 /* BreakoutTests */,
				04BB59271B733459002F78A1 /* BreakoutUITests */,
				04BB59021B733458002F78A1 /* Products */,
			);
			sourceTree = "<group>";
		};
		04BB59021B733458002F78A1 /* Products */ = {
			isa = PBXGroup;
			children = (
				04BB59011B733458002F78A1 /* Breakout.app */,
				04BB59191B733459002F78A1 /* BreakoutTests.xctest */,
				04BB59241B733459002F78A1 /* BreakoutUITests.xctest */,
			);
			name = Products;
			sourceTree = "<group>";
		};
		04BB59031B733458002F78A1 /* Breakout */ = {
			isa = PBXGroup;
			children = (
				04BB59041B733459002F78A1 /* AppDelegate.swift */,
				04BB59061B733459002F78A1 /* GameScene.sks */,
				04BB59081B733459002F78A1 /* GameScene.swift */,
				04BB590A1B733459002F78A1 /* GameViewController.swift */,
				04BB590C1B733459002F78A1 /* Main.storyboard */,
				04BB590F1B733459002F78A1 /* Assets.xcassets */,
				04BB59111B733459002F78A1 /* LaunchScreen.storyboard */,
				04BB59141B733459002F78A1 /* Info.plist */,
			);
			path = Breakout;
			sourceTree = "<group>";
		};
		04BB591C1B733459002F78A1 /* BreakoutTests */ = {
			isa = PBXGroup;
			children = (
				04BB591D1B733459002F78A1 /* BreakoutTests.swift */,
				04BB591F1B733459002F78A1 /* Info.plist */,
			);
			path = BreakoutTests;
			sourceTree = "<group>";
		};
		04BB59271B733459002F78A1 /* BreakoutUITests */ = {
			isa = PBXGroup;
			children = (
				04BB59281B733459002F78A1 /* BreakoutUITests.swift */,
				04BB592A1B733459002F78A1 /* Info.plist */,
			);
			path = BreakoutUITests;
			sourceTree = "<group>";
		};
/* End PBXGroup section */

/* Begin PBXNativeTarget section */
		04BB59001B733458002F78A1 /* Breakout */ = {
			isa = PBXNativeTarget;
			buildConfigurationList = 04BB592D1B733459002F78A1 /* Build configuration list for PBXNativeTarget "Breakout" */;
			buildPhases = (
				04BB58FD1B733458002F78A1 /* Sources */,
				04BB58FE1B733458002F78A1 /* Frameworks */,
				04BB58FF1B733458002F78A1 /* Resources */,
			);
			buildRules = (
			);
			dependencies = (
			);
			name = Breakout;
			productName = Breakout;
			productReference = 04BB59011B733458002F78A1 /* Breakout.app */;
			productType = "com.apple.product-type.application";
		};
		04BB59181B733459002F78A1 /* BreakoutTests */ = {
			isa = PBXNativeTarget;
			buildConfigurationList = 04BB59301B733459002F78A1 /* Build configuration list for PBXNativeTarget "BreakoutTests" */;
			buildPhases = (
				04BB59151B733459002F78A1 /* Sources */,
				04BB59161B733459002F78A1 /* Frameworks */,
				04BB59171B733459002F78A1 /* Resources */,
			);
			buildRules = (
			);
			dependencies = (
				04BB591B1B733459002F78A1 /* PBXTargetDependency */,
			);
			name = BreakoutTests;
			productName = BreakoutTests;
			productReference = 04BB59191B733459002F78A1 /* BreakoutTests.xctest */;
			productType = "com.apple.product-type.bundle.unit-test";
		};
		04BB59231B733459002F78A1 /* BreakoutUITests */ = {
			isa = PBXNativeTarget;
			buildConfigurationList = 04BB59331B733459002F78A1 /* Build configuration list for PBXNativeTarget "BreakoutUITests" */;
			buildPhases = (
				04BB59201B733459002F78A1 /* Sources */,
				04BB59211B733459002F78A1 /* Frameworks */,
				04BB59221B733459002F78A1 /* Resources */,
			);
			buildRules = (
			);
			dependencies = (
				04BB59261B733459002F78A1 /* PBXTargetDependency */,
			);
			name = BreakoutUITests;
			productName = BreakoutUITests;
			productReference = 04BB59241B733459002F78A1 /* BreakoutUITests.xctest */;
			productType = "com.apple.product-type.bundle.ui-testing";
		};
/* End PBXNativeTarget section */

/* Begin PBXProject section */
		04BB58F91B733458002F78A1 /* Project object */ = {
			isa = PBXProject;
			attributes = {
				LastUpgradeCheck = 0700;
				ORGANIZATIONNAME = tyratox.ch;
				TargetAttributes = {
					04BB59001B733458002F78A1 = {
						CreatedOnToolsVersion = 7.0;
					};
					04BB59181B733459002F78A1 = {
						CreatedOnToolsVersion = 7.0;
						TestTargetID = 04BB59001B733458002F78A1;
					};
					04BB59231B733459002F78A1 = {
						CreatedOnToolsVersion = 7.0;
						TestTargetID = 04BB59001B733458002F78A1;
					};
				};
			};
			buildConfigurationList = 04BB58FC1B733458002F78A1 /* Build configuration list for PBXProject "Breakout" */;
			compatibilityVersion = "Xcode 3.2";
			developmentRegion = English;
			hasScannedForEncodings = 0;
			knownRegions = (
				en,
				Base,
			);
			mainGroup = 04BB58F81B733458002F78A1;
			productRefGroup = 04BB59021B733458002F78A1 /* Products */;
			projectDirPath = "";
			projectRoot = "";
			targets = (
				04BB59001B733458002F78A1 /* Breakout */,
				04BB59181B733459002F78A1 /* BreakoutTests */,
				04BB59231B733459002F78A1 /* BreakoutUITests */,
			);
		};
/* End PBXProject section */

/* Begin PBXResourcesBuildPhase section */
		04BB58FF1B733458002F78A1 /* Resources */ = {
			isa = PBXResourcesBuildPhase;
			buildActionMask = 2147483647;
			files = (
				04BB59071B733459002F78A1 /* GameScene.sks in Resources */,
				04BB59131B733459002F78A1 /* LaunchScreen.storyboard in Resources */,
				04BB59101B733459002F78A1 /* Assets.xcassets in Resources */,
				04BB590E1B733459002F78A1 /* Main.storyboard in Resources */,
			);
			runOnlyForDeploymentPostprocessing = 0;
		};
		04BB59171B733459002F78A1 /* Resources */ = {
			isa = PBXResourcesBuildPhase;
			buildActionMask = 2147483647;
			files = (
			);
			runOnlyForDeploymentPostprocessing = 0;
		};
		04BB59221B733459002F78A1 /* Resources */ = {
			isa = PBXResourcesBuildPhase;
			buildActionMask = 2147483647;
			files = (
			);
			runOnlyForDeploymentPostprocessing = 0;
		};
/* End PBXResourcesBuildPhase section */

/* Begin PBXSourcesBuildPhase section */
		04BB58FD1B733458002F78A1 /* Sources */ = {
			isa = PBXSourcesBuildPhase;
			buildActionMask = 2147483647;
			files = (
				04BB59091B733459002F78A1 /* GameScene.swift in Sources */,
				04BB590B1B733459002F78A1 /* GameViewController.swift in Sources */,
				04BB59051B733459002F78A1 /* AppDelegate.swift in Sources */,
			);
			runOnlyForDeploymentPostprocessing = 0;
		};
		04BB59151B733459002F78A1 /* Sources */ = {
			isa = PBXSourcesBuildPhase;
			buildActionMask = 2147483647;
			files = (
				04BB591E1B733459002F78A1 /* BreakoutTests.swift in Sources */,
			);
			runOnlyForDeploymentPostprocessing = 0;
		};
		04BB59201B733459002F78A1 /* Sources */ = {
			isa = PBXSourcesBuildPhase;
			buildActionMask = 2147483647;
			files = (
				04BB59291B733459002F78A1 /* BreakoutUITests.swift in Sources */,
			);
			runOnlyForDeploymentPostprocessing = 0;
		};
/* End PBXSourcesBuildPhase section */

/* Begin PBXTargetDependency section */
		04BB591B1B733459002F78A1 /* PBXTargetDependency */ = {
			isa = PBXTargetDependency;
			target = 04BB59001B733458002F78A1 /* Breakout */;
			targetProxy = 04BB591A1B733459002F78A1 /* PBXContainerItemProxy */;
		};
		04BB59261B733459002F78A1 /* PBXTargetDependency */ = {
			isa = PBXTargetDependency;
			target = 04BB59001B733458002F78A1 /* Breakout */;
			targetProxy = 04BB59251B733459002F78A1 /* PBXContainerItemProxy */;
		};
/* End PBXTargetDependency section */

/* Begin PBXVariantGroup section */
		04BB590C1B733459002F78A1 /* Main.storyboard */ = {
			isa = PBXVariantGroup;
			children = (
				04BB590D1B733459002F78A1 /* Base */,
			);
			name = Main.storyboard;
			sourceTree = "<group>";
		};
		04BB59111B733459002F78A1 /* LaunchScreen.storyboard */ = {
			isa = PBXVariantGroup;
			children = (
				04BB59121B733459002F78A1 /* Base */,
			);
			name = LaunchScreen.storyboard;
			sourceTree = "<group>";
		};
/* End PBXVariantGroup section */

/* Begin XCBuildConfiguration section */
		04BB592B1B733459002F78A1 /* Debug */ = {
			isa = XCBuildConfiguration;
			buildSettings = {
				ALWAYS_SEARCH_USER_PATHS = NO;
				CLANG_CXX_LANGUAGE_STANDARD = "gnu++0x";
				CLANG_CXX_LIBRARY = "libc++";
				CLANG_ENABLE_MODULES = YES;
				CLANG_ENABLE_OBJC_ARC = YES;
				CLANG_WARN_BOOL_CONVERSION = YES;
				CLANG_WARN_CONSTANT_CONVERSION = YES;
				CLANG_WARN_DIRECT_OBJC_ISA_USAGE = YES_ERROR;
				CLANG_WARN_EMPTY_BODY = YES;
				CLANG_WARN_ENUM_CONVERSION = YES;
				CLANG_WARN_INT_CONVERSION = YES;
				CLANG_WARN_OBJC_ROOT_CLASS = YES_ERROR;
				CLANG_WARN_UNREACHABLE_CODE = YES;
				CLANG_WARN__DUPLICATE_METHOD_MATCH = YES;
				"CODE_SIGN_IDENTITY[sdk=iphoneos*]" = "iPhone Developer";
				COPY_PHASE_STRIP = NO;
				DEBUG_INFORMATION_FORMAT = dwarf;
				ENABLE_STRICT_OBJC_MSGSEND = YES;
				ENABLE_TESTABILITY = YES;
				GCC_C_LANGUAGE_STANDARD = gnu99;
				GCC_DYNAMIC_NO_PIC = NO;
				GCC_NO_COMMON_BLOCKS = YES;
				GCC_OPTIMIZATION_LEVEL = 0;
				GCC_PREPROCESSOR_DEFINITIONS = (
					"DEBUG=1",
					"$(inherited)",
				);
				GCC_WARN_64_TO_32_BIT_CONVERSION = YES;
				GCC_WARN_ABOUT_RETURN_TYPE = YES_ERROR;
				GCC_WARN_UNDECLARED_SELECTOR = YES;
				GCC_WARN_UNINITIALIZED_AUTOS = YES_AGGRESSIVE;
				GCC_WARN_UNUSED_FUNCTION = YES;
				GCC_WARN_UNUSED_VARIABLE = YES;
				IPHONEOS_DEPLOYMENT_TARGET = 9.0;
				MTL_ENABLE_DEBUG_INFO = YES;
				ONLY_ACTIVE_ARCH = YES;
				SDKROOT = iphoneos;
				SWIFT_OPTIMIZATION_LEVEL = "-Onone";
				TARGETED_DEVICE_FAMILY = "1,2";
			};
			name = Debug;
		};
		04BB592C1B733459002F78A1 /* Release */ = {
			isa = XCBuildConfiguration;
			buildSettings = {
				ALWAYS_SEARCH_USER_PATHS = NO;
				CLANG_CXX_LANGUAGE_STANDARD = "gnu++0x";
				CLANG_CXX_LIBRARY = "libc++";
				CLANG_ENABLE_MODULES = YES;
				CLANG_ENABLE_OBJC_ARC = YES;
				CLANG_WARN_BOOL_CONVERSION = YES;
				CLANG_WARN_CONSTANT_CONVERSION = YES;
				CLANG_WARN_DIRECT_OBJC_ISA_USAGE = YES_ERROR;
				CLANG_WARN_EMPTY_BODY = YES;
				CLANG_WARN_ENUM_CONVERSION = YES;
				CLANG_WARN_INT_CONVERSION = YES;
				CLANG_WARN_OBJC_ROOT_CLASS = YES_ERROR;
				CLANG_WARN_UNREACHABLE_CODE = YES;
				CLANG_WARN__DUPLICATE_METHOD_MATCH = YES;
				"CODE_SIGN_IDENTITY[sdk=iphoneos*]" = "iPhone Developer";
				COPY_PHASE_STRIP = NO;
				DEBUG_INFORMATION_FORMAT = "dwarf-with-dsym";
				ENABLE_NS_ASSERTIONS = NO;
				ENABLE_STRICT_OBJC_MSGSEND = YES;
				GCC_C_LANGUAGE_STANDARD = gnu99;
				GCC_NO_COMMON_BLOCKS = YES;
				GCC_WARN_64_TO_32_BIT_CONVERSION = YES;
				GCC_WARN_ABOUT_RETURN_TYPE = YES_ERROR;
				GCC_WARN_UNDECLARED_SELECTOR = YES;
				GCC_WARN_UNINITIALIZED_AUTOS = YES_AGGRESSIVE;
				GCC_WARN_UNUSED_FUNCTION = YES;
				GCC_WARN_UNUSED_VARIABLE = YES;
				IPHONEOS_DEPLOYMENT_TARGET = 9.0;
				MTL_ENABLE_DEBUG_INFO = NO;
				SDKROOT = iphoneos;
				TARGETED_DEVICE_FAMILY = "1,2";
				VALIDATE_PRODUCT = YES;
			};
			name = Release;
		};
		04BB592E1B733459002F78A1 /* Debug */ = {
			isa = XCBuildConfiguration;
			buildSettings = {
				ASSETCATALOG_COMPILER_APPICON_NAME = AppIcon;
				INFOPLIST_FILE = Breakout/Info.plist;
				LD_RUNPATH_SEARCH_PATHS = "$(inherited) @executable_path/Frameworks";
				PRODUCT_BUNDLE_IDENTIFIER = ch.tyratox.Breakout;
				PRODUCT_NAME = "$(TARGET_NAME)";
			};
			name = Debug;
		};
		04BB592F1B733459002F78A1 /* Release */ = {
			isa = XCBuildConfiguration;
			buildSettings = {
				ASSETCATALOG_COMPILER_APPICON_NAME = AppIcon;
				INFOPLIST_FILE = Breakout/Info.plist;
				LD_RUNPATH_SEARCH_PATHS = "$(inherited) @executable_path/Frameworks";
				PRODUCT_BUNDLE_IDENTIFIER = ch.tyratox.Breakout;
				PRODUCT_NAME = "$(TARGET_NAME)";
			};
			name = Release;
		};
		04BB59311B733459002F78A1 /* Debug */ = {
			isa = XCBuildConfiguration;
			buildSettings = {
				BUNDLE_LOADER = "$(TEST_HOST)";
				INFOPLIST_FILE = BreakoutTests/Info.plist;
				LD_RUNPATH_SEARCH_PATHS = "$(inherited) @executable_path/Frameworks @loader_path/Frameworks";
				PRODUCT_BUNDLE_IDENTIFIER = ch.tyratox.BreakoutTests;
				PRODUCT_NAME = "$(TARGET_NAME)";
				TEST_HOST = "$(BUILT_PRODUCTS_DIR)/Breakout.app/Breakout";
			};
			name = Debug;
		};
		04BB59321B733459002F78A1 /* Release */ = {
			isa = XCBuildConfiguration;
			buildSettings = {
				BUNDLE_LOADER = "$(TEST_HOST)";
				INFOPLIST_FILE = BreakoutTests/Info.plist;
				LD_RUNPATH_SEARCH_PATHS = "$(inherited) @executable_path/Frameworks @loader_path/Frameworks";
				PRODUCT_BUNDLE_IDENTIFIER = ch.tyratox.BreakoutTests;
				PRODUCT_NAME = "$(TARGET_NAME)";
				TEST_HOST = "$(BUILT_PRODUCTS_DIR)/Breakout.app/Breakout";
			};
			name = Release;
		};
		04BB59341B733459002F78A1 /* Debug */ = {
			isa = XCBuildConfiguration;
			buildSettings = {
				INFOPLIST_FILE = BreakoutUITests/Info.plist;
				LD_RUNPATH_SEARCH_PATHS = "$(inherited) @executable_path/Frameworks @loader_path/Frameworks";
				PRODUCT_BUNDLE_IDENTIFIER = ch.tyratox.BreakoutUITests;
				PRODUCT_NAME = "$(TARGET_NAME)";
				TEST_TARGET_NAME = Breakout;
				USES_XCTRUNNER = YES;
			};
			name = Debug;
		};
		04BB59351B733459002F78A1 /* Release */ = {
			isa = XCBuildConfiguration;
			buildSettings = {
				INFOPLIST_FILE = BreakoutUITests/Info.plist;
				LD_RUNPATH_SEARCH_PATHS = "$(inherited) @executable_path/Frameworks @loader_path/Frameworks";
				PRODUCT_BUNDLE_IDENTIFIER = ch.tyratox.BreakoutUITests;
				PRODUCT_NAME = "$(TARGET_NAME)";
				TEST_TARGET_NAME = Breakout;
				USES_XCTRUNNER = YES;
			};
			name = Release;
		};
/* End XCBuildConfiguration section */

/* Begin XCConfigurationList section */
		04BB58FC1B733458002F78A1 /* Build configuration list for PBXProject "Breakout" */ = {
			isa = XCConfigurationList;
			buildConfigurations = (
				04BB592B1B733459002F78A1 /* Debug */,
				04BB592C1B733459002F78A1 /* Release */,
			);
			defaultConfigurationIsVisible = 0;
			defaultConfigurationName = Release;
		};
		04BB592D1B733459002F78A1 /* Build configuration list for PBXNativeTarget "Breakout" */ = {
			isa = XCConfigurationList;
			buildConfigurations = (
				04BB592E1B733459002F78A1 /* Debug */,
				04BB592F1B733459002F78A1 /* Release */,
			);
			defaultConfigurationIsVisible = 0;
		};
		04BB59301B733459002F78A1 /* Build configuration list for PBXNativeTarget "BreakoutTests" */ = {
			isa = XCConfigurationList;
			buildConfigurations = (
				04BB59311B733459002F78A1 /* Debug */,
				04BB59321B733459002F78A1 /* Release */,
			);
			defaultConfigurationIsVisible = 0;
		};
		04BB59331B733459002F78A1 /* Build configuration list for PBXNativeTarget "BreakoutUITests" */ = {
			isa = XCConfigurationList;
			buildConfigurations = (
				04BB59341B733459002F78A1 /* Debug */,
				04BB59351B733459002F78A1 /* Release */,
			);
			defaultConfigurationIsVisible = 0;
		};
/* End XCConfigurationList section */
	};
	rootObject = 04BB58F91B733458002F78A1 /* Project object */;
}
